
Microsoft Visual Studio Solution File, Format Version 12.00
# Visual Studio Version 17
VisualStudioVersion = 17.1.32228.430
MinimumVisualStudioVersion = 10.0.40219.1
Project("{9A19103F-16F7-4668-BE54-9A1E7A4F7556}") = "VrcLovenseConnect", "VrcLovenseConnect\VrcLovenseConnect.csproj", "{1E554F6C-397B-40F9-B0BF-1412E2165550}"
EndProject
Project("{2150E333-8FDC-42A3-9474-1A3956D46DE8}") = "Solution Items", "Solution Items", "{090B7003-2423-413F-A9E1-0AF5392C1DB0}"
	ProjectSection(SolutionItems) = preProject
		README.md = README.md
	EndProjectSection
EndProject
Global
	GlobalSection(SolutionConfigurationPlatforms) = preSolution
		Debug|Any CPU = Debug|Any CPU
		Release|Any CPU = Release|Any CPU
	EndGlobalSection
	GlobalSection(ProjectConfigurationPlatforms) = postSolution
		{1E554F6C-397B-40F9-B0BF-1412E2165550}.Debug|Any CPU.ActiveCfg = Debug|Any CPU
		{1E554F6C-397B-40F9-B0BF-1412E2165550}.Debug|Any CPU.Build.0 = Debug|Any CPU
		{1E554F6C-397B-40F9-B0BF-1412E2165550}.Release|Any CPU.ActiveCfg = Release|Any CPU
		{1E554F6C-397B-40F9-B0BF-1412E2165550}.Release|Any CPU.Build.0 = Release|Any CPU
	EndGlobalSection
	GlobalSection(SolutionProperties) = preSolution
		HideSolutionNode = FALSE
	EndGlobalSection
	GlobalSection(ExtensibilityGlobals) = postSolution
		SolutionGuid = {17177EA6-9D8D-49C3-B309-9877A28E307D}
	EndGlobalSection
EndGlobal
